// !$*UTF8*$!
{
	archiveVersion = 1;
	classes = {
	};
	objectVersion = 46;
	objects = {

/* Begin PBXBuildFile section */
		40D3B0DA1B3C0859009F145F /* main.m in Sources */ = {isa = PBXBuildFile; fileRef = 40D3B0D91B3C0859009F145F /* main.m */; };
		40D3B0E31B3C0859009F145F /* Main.storyboard in Resources */ = {isa = PBXBuildFile; fileRef = 40D3B0E11B3C0859009F145F /* Main.storyboard */; };
		40D3B0E51B3C0859009F145F /* Images.xcassets in Resources */ = {isa = PBXBuildFile; fileRef = 40D3B0E41B3C0859009F145F /* Images.xcassets */; };
		40D3B0E81B3C0859009F145F /* LaunchScreen.xib in Resources */ = {isa = PBXBuildFile; fileRef = 40D3B0E61B3C0859009F145F /* LaunchScreen.xib */; };
		C219D62E1FC5B5120005B117 /* AppDelegate.m in Sources */ = {isa = PBXBuildFile; fileRef = C219D6221FC5B5100005B117 /* AppDelegate.m */; };
		C219D62F1FC5B5120005B117 /* BViewController.m in Sources */ = {isa = PBXBuildFile; fileRef = C219D6271FC5B5110005B117 /* BViewController.m */; };
		C219D6301FC5B5120005B117 /* CViewController.m in Sources */ = {isa = PBXBuildFile; fileRef = C219D6291FC5B5110005B117 /* CViewController.m */; };
		C219D6311FC5B5120005B117 /* DViewController.m in Sources */ = {isa = PBXBuildFile; fileRef = C219D62A1FC5B5110005B117 /* DViewController.m */; };
		C219D6321FC5B5120005B117 /* EViewController.m in Sources */ = {isa = PBXBuildFile; fileRef = C219D62B1FC5B5110005B117 /* EViewController.m */; };
		C219D6331FC5B5120005B117 /* AViewController.m in Sources */ = {isa = PBXBuildFile; fileRef = C219D62D1FC5B5110005B117 /* AViewController.m */; };
		C29F11A41FC687E300F5B953 /* UINavigationController+JZExtension.m in Sources */ = {isa = PBXBuildFile; fileRef = C29F11971FC687E200F5B953 /* UINavigationController+JZExtension.m */; };
		C29F11A51FC687E300F5B953 /* UIViewController+JZExtension.m in Sources */ = {isa = PBXBuildFile; fileRef = C29F11981FC687E200F5B953 /* UIViewController+JZExtension.m */; };
		C29F11A61FC687E300F5B953 /* UINavigationBar+JZPrivate.m in Sources */ = {isa = PBXBuildFile; fileRef = C29F119A1FC687E200F5B953 /* UINavigationBar+JZPrivate.m */; };
		C29F11A71FC687E300F5B953 /* _JZNavigationDelegating.m in Sources */ = {isa = PBXBuildFile; fileRef = C29F119B1FC687E200F5B953 /* _JZNavigationDelegating.m */; };
		C29F11A81FC687E300F5B953 /* UINavigationController+JZPrivate.m in Sources */ = {isa = PBXBuildFile; fileRef = C29F119C1FC687E200F5B953 /* UINavigationController+JZPrivate.m */; };
		C29F11A91FC687E300F5B953 /* _JZValue.m in Sources */ = {isa = PBXBuildFile; fileRef = C29F11A11FC687E200F5B953 /* _JZValue.m */; };
/* End PBXBuildFile section */

/* Begin PBXFileReference section */
		40D3B0D41B3C0859009F145F /* JZNavigationExtensionDemo.app */ = {isa = PBXFileReference; explicitFileType = wrapper.application; includeInIndex = 0; path = JZNavigationExtensionDemo.app; sourceTree = BUILT_PRODUCTS_DIR; };
		40D3B0D81B3C0859009F145F /* Info.plist */ = {isa = PBXFileReference; lastKnownFileType = text.plist.xml; path = Info.plist; sourceTree = "<group>"; };
		40D3B0D91B3C0859009F145F /* main.m */ = {isa = PBXFileReference; lastKnownFileType = sourcecode.c.objc; path = main.m; sourceTree = "<group>"; };
		40D3B0E21B3C0859009F145F /* Base */ = {isa = PBXFileReference; lastKnownFileType = file.storyboard; name = Base; path = Base.lproj/Main.storyboard; sourceTree = "<group>"; };
		40D3B0E41B3C0859009F145F /* Images.xcassets */ = {isa = PBXFileReference; lastKnownFileType = folder.assetcatalog; path = Images.xcassets; sourceTree = "<group>"; };
		40D3B0E71B3C0859009F145F /* Base */ = {isa = PBXFileReference; lastKnownFileType = file.xib; name = Base; path = Base.lproj/LaunchScreen.xib; sourceTree = "<group>"; };
		C219D6221FC5B5100005B117 /* AppDelegate.m */ = {isa = PBXFileReference; fileEncoding = 4; lastKnownFileType = sourcecode.c.objc; path = AppDelegate.m; sourceTree = SOURCE_ROOT; };
		C219D6231FC5B5110005B117 /* EViewController.h */ = {isa = PBXFileReference; fileEncoding = 4; lastKnownFileType = sourcecode.c.h; path = EViewController.h; sourceTree = SOURCE_ROOT; };
		C219D6241FC5B5110005B117 /* AppDelegate.h */ = {isa = PBXFileReference; fileEncoding = 4; lastKnownFileType = sourcecode.c.h; path = AppDelegate.h; sourceTree = SOURCE_ROOT; };
		C219D6251FC5B5110005B117 /* AViewController.h */ = {isa = PBXFileReference; fileEncoding = 4; lastKnownFileType = sourcecode.c.h; path = AViewController.h; sourceTree = SOURCE_ROOT; };
		C219D6261FC5B5110005B117 /* DViewController.h */ = {isa = PBXFileReference; fileEncoding = 4; lastKnownFileType = sourcecode.c.h; path = DViewController.h; sourceTree = SOURCE_ROOT; };
		C219D6271FC5B5110005B117 /* BViewController.m */ = {isa = PBXFileReference; fileEncoding = 4; lastKnownFileType = sourcecode.c.objc; path = BViewController.m; sourceTree = SOURCE_ROOT; };
		C219D6281FC5B5110005B117 /* CViewController.h */ = {isa = PBXFileReference; fileEncoding = 4; lastKnownFileType = sourcecode.c.h; path = CViewController.h; sourceTree = SOURCE_ROOT; };
		C219D6291FC5B5110005B117 /* CViewController.m */ = {isa = PBXFileReference; fileEncoding = 4; lastKnownFileType = sourcecode.c.objc; path = CViewController.m; sourceTree = SOURCE_ROOT; };
		C219D62A1FC5B5110005B117 /* DViewController.m */ = {isa = PBXFileReference; fileEncoding = 4; lastKnownFileType = sourcecode.c.objc; path = DViewController.m; sourceTree = SOURCE_ROOT; };
		C219D62B1FC5B5110005B117 /* EViewController.m */ = {isa = PBXFileReference; fileEncoding = 4; lastKnownFileType = sourcecode.c.objc; path = EViewController.m; sourceTree = SOURCE_ROOT; };
		C219D62C1FC5B5110005B117 /* BViewController.h */ = {isa = PBXFileReference; fileEncoding = 4; lastKnownFileType = sourcecode.c.h; path = BViewController.h; sourceTree = SOURCE_ROOT; };
		C219D62D1FC5B5110005B117 /* AViewController.m */ = {isa = PBXFileReference; fileEncoding = 4; lastKnownFileType = sourcecode.c.objc; path = AViewController.m; sourceTree = SOURCE_ROOT; };
		C29F11961FC687E200F5B953 /* UIViewController+JZExtension.h */ = {isa = PBXFileReference; fileEncoding = 4; lastKnownFileType = sourcecode.c.h; path = "UIViewController+JZExtension.h"; sourceTree = "<group>"; };
		C29F11971FC687E200F5B953 /* UINavigationController+JZExtension.m */ = {isa = PBXFileReference; fileEncoding = 4; lastKnownFileType = sourcecode.c.objc; path = "UINavigationController+JZExtension.m"; sourceTree = "<group>"; };
		C29F11981FC687E200F5B953 /* UIViewController+JZExtension.m */ = {isa = PBXFileReference; fileEncoding = 4; lastKnownFileType = sourcecode.c.objc; path = "UIViewController+JZExtension.m"; sourceTree = "<group>"; };
		C29F119A1FC687E200F5B953 /* UINavigationBar+JZPrivate.m */ = {isa = PBXFileReference; fileEncoding = 4; lastKnownFileType = sourcecode.c.objc; path = "UINavigationBar+JZPrivate.m"; sourceTree = "<group>"; };
		C29F119B1FC687E200F5B953 /* _JZNavigationDelegating.m */ = {isa = PBXFileReference; fileEncoding = 4; lastKnownFileType = sourcecode.c.objc; path = _JZNavigationDelegating.m; sourceTree = "<group>"; };
		C29F119C1FC687E200F5B953 /* UINavigationController+JZPrivate.m */ = {isa = PBXFileReference; fileEncoding = 4; lastKnownFileType = sourcecode.c.objc; path = "UINavigationController+JZPrivate.m"; sourceTree = "<group>"; };
		C29F119D1FC687E200F5B953 /* _JZValue.h */ = {isa = PBXFileReference; fileEncoding = 4; lastKnownFileType = sourcecode.c.h; path = _JZValue.h; sourceTree = "<group>"; };
		C29F119E1FC687E200F5B953 /* UINavigationBar+JZPrivate.h */ = {isa = PBXFileReference; fileEncoding = 4; lastKnownFileType = sourcecode.c.h; path = "UINavigationBar+JZPrivate.h"; sourceTree = "<group>"; };
		C29F119F1FC687E200F5B953 /* UINavigationController+JZPrivate.h */ = {isa = PBXFileReference; fileEncoding = 4; lastKnownFileType = sourcecode.c.h; path = "UINavigationController+JZPrivate.h"; sourceTree = "<group>"; };
		C29F11A01FC687E200F5B953 /* _JZNavigationDelegating.h */ = {isa = PBXFileReference; fileEncoding = 4; lastKnownFileType = sourcecode.c.h; path = _JZNavigationDelegating.h; sourceTree = "<group>"; };
		C29F11A11FC687E200F5B953 /* _JZValue.m */ = {isa = PBXFileReference; fileEncoding = 4; lastKnownFileType = sourcecode.c.objc; path = _JZValue.m; sourceTree = "<group>"; };
		C29F11A21FC687E200F5B953 /* UINavigationController+JZExtension.h */ = {isa = PBXFileReference; fileEncoding = 4; lastKnownFileType = sourcecode.c.h; path = "UINavigationController+JZExtension.h"; sourceTree = "<group>"; };
		C29F11A31FC687E200F5B953 /* JZNavigationExtension.h */ = {isa = PBXFileReference; fileEncoding = 4; lastKnownFileType = sourcecode.c.h; path = JZNavigationExtension.h; sourceTree = "<group>"; };
/* End PBXFileReference section */

/* Begin PBXFrameworksBuildPhase section */
		40D3B0D11B3C0859009F145F /* Frameworks */ = {
			isa = PBXFrameworksBuildPhase;
			buildActionMask = 2147483647;
			files = (
			);
			runOnlyForDeploymentPostprocessing = 0;
		};
/* End PBXFrameworksBuildPhase section */

/* Begin PBXGroup section */
		40D3B0CB1B3C0859009F145F = {
			isa = PBXGroup;
			children = (
				40D3B0D61B3C0859009F145F /* JZNavigationExtensionDemo */,
				40D3B0D51B3C0859009F145F /* Products */,
			);
			sourceTree = "<group>";
		};
		40D3B0D51B3C0859009F145F /* Products */ = {
			isa = PBXGroup;
			children = (
				40D3B0D41B3C0859009F145F /* JZNavigationExtensionDemo.app */,
			);
			name = Products;
			sourceTree = "<group>";
		};
		40D3B0D61B3C0859009F145F /* JZNavigationExtensionDemo */ = {
			isa = PBXGroup;
			children = (
				C29F11951FC687E200F5B953 /* JZNavigationExtension */,
				C219D6241FC5B5110005B117 /* AppDelegate.h */,
				C219D6221FC5B5100005B117 /* AppDelegate.m */,
				C219D6251FC5B5110005B117 /* AViewController.h */,
				C219D62D1FC5B5110005B117 /* AViewController.m */,
				C219D62C1FC5B5110005B117 /* BViewController.h */,
				C219D6271FC5B5110005B117 /* BViewController.m */,
				C219D6281FC5B5110005B117 /* CViewController.h */,
				C219D6291FC5B5110005B117 /* CViewController.m */,
				C219D6261FC5B5110005B117 /* DViewController.h */,
				C219D62A1FC5B5110005B117 /* DViewController.m */,
				C219D6231FC5B5110005B117 /* EViewController.h */,
				C219D62B1FC5B5110005B117 /* EViewController.m */,
				40D3B0D71B3C0859009F145F /* Supporting Files */,
			);
			path = JZNavigationExtensionDemo;
			sourceTree = "<group>";
		};
		40D3B0D71B3C0859009F145F /* Supporting Files */ = {
			isa = PBXGroup;
			children = (
				40D3B0E11B3C0859009F145F /* Main.storyboard */,
				40D3B0E41B3C0859009F145F /* Images.xcassets */,
				40D3B0E61B3C0859009F145F /* LaunchScreen.xib */,
				40D3B0D81B3C0859009F145F /* Info.plist */,
				40D3B0D91B3C0859009F145F /* main.m */,
			);
			name = "Supporting Files";
			sourceTree = "<group>";
		};
		C29F11951FC687E200F5B953 /* JZNavigationExtension */ = {
			isa = PBXGroup;
			children = (
				C29F11991FC687E200F5B953 /* Private */,
				C29F11961FC687E200F5B953 /* UIViewController+JZExtension.h */,
				C29F11981FC687E200F5B953 /* UIViewController+JZExtension.m */,
				C29F11A21FC687E200F5B953 /* UINavigationController+JZExtension.h */,
				C29F11971FC687E200F5B953 /* UINavigationController+JZExtension.m */,
				C29F11A31FC687E200F5B953 /* JZNavigationExtension.h */,
			);
			name = JZNavigationExtension;
			path = ../../JZNavigationExtension;
			sourceTree = "<group>";
		};
		C29F11991FC687E200F5B953 /* Private */ = {
			isa = PBXGroup;
			children = (
				C29F119E1FC687E200F5B953 /* UINavigationBar+JZPrivate.h */,
				C29F119A1FC687E200F5B953 /* UINavigationBar+JZPrivate.m */,
				C29F11A01FC687E200F5B953 /* _JZNavigationDelegating.h */,
				C29F119B1FC687E200F5B953 /* _JZNavigationDelegating.m */,
				C29F119F1FC687E200F5B953 /* UINavigationController+JZPrivate.h */,
				C29F119C1FC687E200F5B953 /* UINavigationController+JZPrivate.m */,
				C29F119D1FC687E200F5B953 /* _JZValue.h */,
				C29F11A11FC687E200F5B953 /* _JZValue.m */,
			);
			path = Private;
			sourceTree = "<group>";
		};
/* End PBXGroup section */

/* Begin PBXNativeTarget section */
		40D3B0D31B3C0859009F145F /* JZNavigationExtensionDemo */ = {
			isa = PBXNativeTarget;
			buildConfigurationList = 40D3B0F71B3C0859009F145F /* Build configuration list for PBXNativeTarget "JZNavigationExtensionDemo" */;
			buildPhases = (
				40D3B0D01B3C0859009F145F /* Sources */,
				40D3B0D11B3C0859009F145F /* Frameworks */,
				40D3B0D21B3C0859009F145F /* Resources */,
			);
			buildRules = (
			);
			dependencies = (
			);
			name = JZNavigationExtensionDemo;
			productName = JZNavigationExtensionDemo;
			productReference = 40D3B0D41B3C0859009F145F /* JZNavigationExtensionDemo.app */;
			productType = "com.apple.product-type.application";
		};
/* End PBXNativeTarget section */

/* Begin PBXProject section */
		40D3B0CC1B3C0859009F145F /* Project object */ = {
			isa = PBXProject;
			attributes = {
				LastUpgradeCheck = 0720;
				ORGANIZATIONNAME = Jazys;
				TargetAttributes = {
					40D3B0D31B3C0859009F145F = {
						CreatedOnToolsVersion = 6.3.2;
						DevelopmentTeam = 8ZE6MPGQ6N;
						DevelopmentTeamName = "宇声 张 (Personal Team)";
						ProvisioningStyle = Automatic;
					};
				};
			};
			buildConfigurationList = 40D3B0CF1B3C0859009F145F /* Build configuration list for PBXProject "JZNavigationExtensionDemo" */;
			compatibilityVersion = "Xcode 3.2";
			developmentRegion = English;
			hasScannedForEncodings = 0;
			knownRegions = (
				en,
				Base,
			);
			mainGroup = 40D3B0CB1B3C0859009F145F;
			productRefGroup = 40D3B0D51B3C0859009F145F /* Products */;
			projectDirPath = "";
			projectRoot = "";
			targets = (
				40D3B0D31B3C0859009F145F /* JZNavigationExtensionDemo */,
			);
		};
/* End PBXProject section */

/* Begin PBXResourcesBuildPhase section */
		40D3B0D21B3C0859009F145F /* Resources */ = {
			isa = PBXResourcesBuildPhase;
			buildActionMask = 2147483647;
			files = (
				40D3B0E31B3C0859009F145F /* Main.storyboard in Resources */,
				40D3B0E81B3C0859009F145F /* LaunchScreen.xib in Resources */,
				40D3B0E51B3C0859009F145F /* Images.xcassets in Resources */,
			);
			runOnlyForDeploymentPostprocessing = 0;
		};
/* End PBXResourcesBuildPhase section */

/* Begin PBXSourcesBuildPhase section */
		40D3B0D01B3C0859009F145F /* Sources */ = {
			isa = PBXSourcesBuildPhase;
			buildActionMask = 2147483647;
			files = (
				C219D6331FC5B5120005B117 /* AViewController.m in Sources */,
				C219D6301FC5B5120005B117 /* CViewController.m in Sources */,
				C29F11A51FC687E300F5B953 /* UIViewController+JZExtension.m in Sources */,
				C219D6321FC5B5120005B117 /* EViewController.m in Sources */,
				C219D62F1FC5B5120005B117 /* BViewController.m in Sources */,
				C219D6311FC5B5120005B117 /* DViewController.m in Sources */,
				C29F11A41FC687E300F5B953 /* UINavigationController+JZExtension.m in Sources */,
				C29F11A61FC687E300F5B953 /* UINavigationBar+JZPrivate.m in Sources */,
				C29F11A71FC687E300F5B953 /* _JZNavigationDelegating.m in Sources */,
				C29F11A81FC687E300F5B953 /* UINavigationController+JZPrivate.m in Sources */,
				C29F11A91FC687E300F5B953 /* _JZValue.m in Sources */,
				40D3B0DA1B3C0859009F145F /* main.m in Sources */,
				C219D62E1FC5B5120005B117 /* AppDelegate.m in Sources */,
			);
			runOnlyForDeploymentPostprocessing = 0;
		};
/* End PBXSourcesBuildPhase section */

/* Begin PBXVariantGroup section */
		40D3B0E11B3C0859009F145F /* Main.storyboard */ = {
			isa = PBXVariantGroup;
			children = (
				40D3B0E21B3C0859009F145F /* Base */,
			);
			name = Main.storyboard;
			sourceTree = "<group>";
		};
		40D3B0E61B3C0859009F145F /* LaunchScreen.xib */ = {
			isa = PBXVariantGroup;
			children = (
				40D3B0E71B3C0859009F145F /* Base */,
			);
			name = LaunchScreen.xib;
			sourceTree = "<group>";
		};
/* End PBXVariantGroup section */

/* Begin XCBuildConfiguration section */
		40D3B0F51B3C0859009F145F /* Debug */ = {
			isa = XCBuildConfiguration;
			buildSettings = {
				ALWAYS_SEARCH_USER_PATHS = NO;
				CLANG_CXX_LANGUAGE_STANDARD = "gnu++0x";
				CLANG_CXX_LIBRARY = "libc++";
				CLANG_ENABLE_MODULES = YES;
				CLANG_ENABLE_OBJC_ARC = YES;
				CLANG_WARN_BOOL_CONVERSION = YES;
				CLANG_WARN_CONSTANT_CONVERSION = YES;
				CLANG_WARN_DIRECT_OBJC_ISA_USAGE = YES_ERROR;
				CLANG_WARN_EMPTY_BODY = YES;
				CLANG_WARN_ENUM_CONVERSION = YES;
				CLANG_WARN_INT_CONVERSION = YES;
				CLANG_WARN_OBJC_ROOT_CLASS = YES_ERROR;
				CLANG_WARN_UNREACHABLE_CODE = YES;
				CLANG_WARN__DUPLICATE_METHOD_MATCH = YES;
				"CODE_SIGN_IDENTITY[sdk=iphoneos*]" = "";
				COPY_PHASE_STRIP = NO;
				DEBUG_INFORMATION_FORMAT = "dwarf-with-dsym";
				ENABLE_STRICT_OBJC_MSGSEND = YES;
				ENABLE_TESTABILITY = YES;
				GCC_C_LANGUAGE_STANDARD = gnu99;
				GCC_DYNAMIC_NO_PIC = NO;
				GCC_NO_COMMON_BLOCKS = YES;
				GCC_OPTIMIZATION_LEVEL = 0;
				GCC_PREPROCESSOR_DEFINITIONS = (
					"DEBUG=1",
					"$(inherited)",
				);
				GCC_SYMBOLS_PRIVATE_EXTERN = NO;
				GCC_WARN_64_TO_32_BIT_CONVERSION = YES;
				GCC_WARN_ABOUT_RETURN_TYPE = YES_ERROR;
				GCC_WARN_UNDECLARED_SELECTOR = YES;
				GCC_WARN_UNINITIALIZED_AUTOS = YES_AGGRESSIVE;
				GCC_WARN_UNUSED_FUNCTION = YES;
				GCC_WARN_UNUSED_VARIABLE = YES;
				IPHONEOS_DEPLOYMENT_TARGET = 8.3;
				MTL_ENABLE_DEBUG_INFO = YES;
				ONLY_ACTIVE_ARCH = YES;
				SDKROOT = iphoneos;
				TARGETED_DEVICE_FAMILY = "1,2";
			};
			name = Debug;
		};
		40D3B0F61B3C0859009F145F /* Release */ = {
			isa = XCBuildConfiguration;
			buildSettings = {
				ALWAYS_SEARCH_USER_PATHS = NO;
				CLANG_CXX_LANGUAGE_STANDARD = "gnu++0x";
				CLANG_CXX_LIBRARY = "libc++";
				CLANG_ENABLE_MODULES = YES;
				CLANG_ENABLE_OBJC_ARC = YES;
				CLANG_WARN_BOOL_CONVERSION = YES;
				CLANG_WARN_CONSTANT_CONVERSION = YES;
				CLANG_WARN_DIRECT_OBJC_ISA_USAGE = YES_ERROR;
				CLANG_WARN_EMPTY_BODY = YES;
				CLANG_WARN_ENUM_CONVERSION = YES;
				CLANG_WARN_INT_CONVERSION = YES;
				CLANG_WARN_OBJC_ROOT_CLASS = YES_ERROR;
				CLANG_WARN_UNREACHABLE_CODE = YES;
				CLANG_WARN__DUPLICATE_METHOD_MATCH = YES;
				"CODE_SIGN_IDENTITY[sdk=iphoneos*]" = "";
				COPY_PHASE_STRIP = NO;
				DEBUG_INFORMATION_FORMAT = "dwarf-with-dsym";
				ENABLE_NS_ASSERTIONS = NO;
				ENABLE_STRICT_OBJC_MSGSEND = YES;
				GCC_C_LANGUAGE_STANDARD = gnu99;
				GCC_NO_COMMON_BLOCKS = YES;
				GCC_WARN_64_TO_32_BIT_CONVERSION = YES;
				GCC_WARN_ABOUT_RETURN_TYPE = YES_ERROR;
				GCC_WARN_UNDECLARED_SELECTOR = YES;
				GCC_WARN_UNINITIALIZED_AUTOS = YES_AGGRESSIVE;
				GCC_WARN_UNUSED_FUNCTION = YES;
				GCC_WARN_UNUSED_VARIABLE = YES;
				IPHONEOS_DEPLOYMENT_TARGET = 8.3;
				MTL_ENABLE_DEBUG_INFO = NO;
				SDKROOT = iphoneos;
				TARGETED_DEVICE_FAMILY = "1,2";
				VALIDATE_PRODUCT = YES;
			};
			name = Release;
		};
		40D3B0F81B3C0859009F145F /* Debug */ = {
			isa = XCBuildConfiguration;
			buildSettings = {
				ASSETCATALOG_COMPILER_APPICON_NAME = AppIcon;
				ASSETCATALOG_COMPILER_LAUNCHIMAGE_NAME = LaunchImage;
				CODE_SIGN_IDENTITY = "iPhone Developer";
				"CODE_SIGN_IDENTITY[sdk=iphoneos*]" = "iPhone Developer";
				CODE_SIGN_STYLE = Automatic;
				DEVELOPMENT_TEAM = 8ZE6MPGQ6N;
				ENABLE_STRICT_OBJC_MSGSEND = NO;
				INFOPLIST_FILE = JZNavigationExtensionDemo/Info.plist;
				IPHONEOS_DEPLOYMENT_TARGET = 7.0;
				LD_RUNPATH_SEARCH_PATHS = "$(inherited) @executable_path/Frameworks";
				PRODUCT_BUNDLE_IDENTIFIER = com.lbk.jz;
				PRODUCT_NAME = "$(TARGET_NAME)";
				PROVISIONING_PROFILE = "";
				PROVISIONING_PROFILE_SPECIFIER = "";
			};
			name = Debug;
		};
		40D3B0F91B3C0859009F145F /* Release */ = {
			isa = XCBuildConfiguration;
			buildSettings = {
				ASSETCATALOG_COMPILER_APPICON_NAME = AppIcon;
				ASSETCATALOG_COMPILER_LAUNCHIMAGE_NAME = LaunchImage;
				CODE_SIGN_IDENTITY = "iPhone Developer";
				"CODE_SIGN_IDENTITY[sdk=iphoneos*]" = "iPhone Developer";
				CODE_SIGN_STYLE = Automatic;
				DEVELOPMENT_TEAM = 8ZE6MPGQ6N;
				ENABLE_STRICT_OBJC_MSGSEND = NO;
				INFOPLIST_FILE = JZNavigationExtensionDemo/Info.plist;
				IPHONEOS_DEPLOYMENT_TARGET = 7.0;
				LD_RUNPATH_SEARCH_PATHS = "$(inherited) @executable_path/Frameworks";
				PRODUCT_BUNDLE_IDENTIFIER = com.lbk.jz;
				PRODUCT_NAME = "$(TARGET_NAME)";
				PROVISIONING_PROFILE = "";
				PROVISIONING_PROFILE_SPECIFIER = "";
			};
			name = Release;
		};
/* End XCBuildConfiguration section */

/* Begin XCConfigurationList section */
		40D3B0CF1B3C0859009F145F /* Build configuration list for PBXProject "JZNavigationExtensionDemo" */ = {
			isa = XCConfigurationList;
			buildConfigurations = (
				40D3B0F51B3C0859009F145F /* Debug */,
				40D3B0F61B3C0859009F145F /* Release */,
			);
			defaultConfigurationIsVisible = 0;
			defaultConfigurationName = Release;
		};
		40D3B0F71B3C0859009F145F /* Build configuration list for PBXNativeTarget "JZNavigationExtensionDemo" */ = {
			isa = XCConfigurationList;
			buildConfigurations = (
				40D3B0F81B3C0859009F145F /* Debug */,
				40D3B0F91B3C0859009F145F /* Release */,
			);
			defaultConfigurationIsVisible = 0;
			defaultConfigurationName = Release;
		};
/* End XCConfigurationList section */
	};
	rootObject = 40D3B0CC1B3C0859009F145F /* Project object */;
}
